
Microsoft Visual Studio Solution File, Format Version 12.00
# Visual Studio Version 16
VisualStudioVersion = 16.0.28729.10
MinimumVisualStudioVersion = 10.0.40219.1
Project("{FAE04EC0-301F-11D3-BF4B-00C04F79EFBC}") = "DiComDemo", "DiComDemo\DiComDemo.csproj", "{1123AC17-6568-4CD7-8481-13A899DE14C8}"
EndProject
Global
	GlobalSection(SolutionConfigurationPlatforms) = preSolution
		Debug|Any CPU = Debug|Any CPU
		Release|Any CPU = Release|Any CPU
	EndGlobalSection
	GlobalSection(ProjectConfigurationPlatforms) = postSolution
		{1123AC17-6568-4CD7-8481-13A899DE14C8}.Debug|Any CPU.ActiveCfg = Debug|Any CPU
		{1123AC17-6568-4CD7-8481-13A899DE14C8}.Debug|Any CPU.Build.0 = Debug|Any CPU
		{1123AC17-6568-4CD7-8481-13A899DE14C8}.Release|Any CPU.ActiveCfg = Release|Any CPU
		{1123AC17-6568-4CD7-8481-13A899DE14C8}.Release|Any CPU.Build.0 = Release|Any CPU
	EndGlobalSection
	GlobalSection(SolutionProperties) = preSolution
		HideSolutionNode = FALSE
	EndGlobalSection
	GlobalSection(ExtensibilityGlobals) = postSolution
		SolutionGuid = {C000ED9D-B1A4-4ECA-AB20-FC6B9DF13C83}
	EndGlobalSection
EndGlobal
